
Microsoft Visual Studio Solution File, Format Version 12.00
# Visual Studio 15
VisualStudioVersion = 15.0.27703.2026
MinimumVisualStudioVersion = 10.0.40219.1
Project("{FAE04EC0-301F-11D3-BF4B-00C04F79EFBC}") = "RapCreator", "RapCreator\RapCreator.csproj", "{21D4043A-158D-47BE-AF34-2483885A18F6}"
EndProject
Global
	GlobalSection(SolutionConfigurationPlatforms) = preSolution
		Debug|Any CPU = Debug|Any CPU
		Release|Any CPU = Release|Any CPU
	EndGlobalSection
	GlobalSection(ProjectConfigurationPlatforms) = postSolution
		{21D4043A-158D-47BE-AF34-2483885A18F6}.Debug|Any CPU.ActiveCfg = Debug|Any CPU
		{21D4043A-158D-47BE-AF34-2483885A18F6}.Debug|Any CPU.Build.0 = Debug|Any CPU
		{21D4043A-158D-47BE-AF34-2483885A18F6}.Release|Any CPU.ActiveCfg = Release|Any CPU
		{21D4043A-158D-47BE-AF34-2483885A18F6}.Release|Any CPU.Build.0 = Release|Any CPU
	EndGlobalSection
	GlobalSection(SolutionProperties) = preSolution
		HideSolutionNode = FALSE
	EndGlobalSection
	GlobalSection(ExtensibilityGlobals) = postSolution
		SolutionGuid = {4164B2AC-5256-4960-9DD1-637810A65EBA}
	EndGlobalSection
EndGlobal
